
Microsoft Visual Studio Solution File, Format Version 12.00
# Visual Studio Version 17
VisualStudioVersion = 17.9.34504.1
MinimumVisualStudioVersion = 10.0.40219.1
Project("{FAE04EC0-301F-11D3-BF4B-00C04F79EFBC}") = "BlazorApp2", "BlazorApp2\BlazorApp2.csproj", "{B16D84D0-7024-408A-AA9D-F2E8FEE4E7D5}"
EndProject
Global
	GlobalSection(SolutionConfigurationPlatforms) = preSolution
		Debug|Any CPU = Debug|Any CPU
		Release|Any CPU = Release|Any CPU
	EndGlobalSection
	GlobalSection(ProjectConfigurationPlatforms) = postSolution
		{B16D84D0-7024-408A-AA9D-F2E8FEE4E7D5}.Debug|Any CPU.ActiveCfg = Debug|Any CPU
		{B16D84D0-7024-408A-AA9D-F2E8FEE4E7D5}.Debug|Any CPU.Build.0 = Debug|Any CPU
		{B16D84D0-7024-408A-AA9D-F2E8FEE4E7D5}.Release|Any CPU.ActiveCfg = Release|Any CPU
		{B16D84D0-7024-408A-AA9D-F2E8FEE4E7D5}.Release|Any CPU.Build.0 = Release|Any CPU
	EndGlobalSection
	GlobalSection(SolutionProperties) = preSolution
		HideSolutionNode = FALSE
	EndGlobalSection
	GlobalSection(ExtensibilityGlobals) = postSolution
		SolutionGuid = {B61156A4-7F95-4BC6-B177-BE02ACA5664F}
	EndGlobalSection
EndGlobal
